
Microsoft Visual Studio Solution File, Format Version 12.00
# Visual Studio Version 17
VisualStudioVersion = 17.11.35303.130
MinimumVisualStudioVersion = 10.0.40219.1
Project("{FAE04EC0-301F-11D3-BF4B-00C04F79EFBC}") = "Redis", "Redis\Redis.csproj", "{91BA3E55-BAF8-41EB-9649-8DA0790C2EBA}"
EndProject
Global
	GlobalSection(SolutionConfigurationPlatforms) = preSolution
		Debug|Any CPU = Debug|Any CPU
		Release|Any CPU = Release|Any CPU
	EndGlobalSection
	GlobalSection(ProjectConfigurationPlatforms) = postSolution
		{91BA3E55-BAF8-41EB-9649-8DA0790C2EBA}.Debug|Any CPU.ActiveCfg = Debug|Any CPU
		{91BA3E55-BAF8-41EB-9649-8DA0790C2EBA}.Debug|Any CPU.Build.0 = Debug|Any CPU
		{91BA3E55-BAF8-41EB-9649-8DA0790C2EBA}.Release|Any CPU.ActiveCfg = Release|Any CPU
		{91BA3E55-BAF8-41EB-9649-8DA0790C2EBA}.Release|Any CPU.Build.0 = Release|Any CPU
	EndGlobalSection
	GlobalSection(SolutionProperties) = preSolution
		HideSolutionNode = FALSE
	EndGlobalSection
	GlobalSection(ExtensibilityGlobals) = postSolution
		SolutionGuid = {44C03268-7AF3-4263-BCBD-BCF64F3BDA18}
	EndGlobalSection
EndGlobal
